
Microsoft Visual Studio Solution File, Format Version 12.00
# Visual Studio Version 16
VisualStudioVersion = 16.0.30804.86
MinimumVisualStudioVersion = 10.0.40219.1
Project("{8BC9CEB8-8B4A-11D0-8D11-00A0C91BC942}") = "BubbleSort", "BubbleSort\BubbleSort.vcxproj", "{8826842A-8BB4-4977-925D-AE1A54EE9899}"
EndProject
Global
	GlobalSection(SolutionConfigurationPlatforms) = preSolution
		Debug|x64 = Debug|x64
		Debug|x86 = Debug|x86
		Release|x64 = Release|x64
		Release|x86 = Release|x86
	EndGlobalSection
	GlobalSection(ProjectConfigurationPlatforms) = postSolution
		{8826842A-8BB4-4977-925D-AE1A54EE9899}.Debug|x64.ActiveCfg = Debug|x64
		{8826842A-8BB4-4977-925D-AE1A54EE9899}.Debug|x64.Build.0 = Debug|x64
		{8826842A-8BB4-4977-925D-AE1A54EE9899}.Debug|x86.ActiveCfg = Debug|Win32
		{8826842A-8BB4-4977-925D-AE1A54EE9899}.Debug|x86.Build.0 = Debug|Win32
		{8826842A-8BB4-4977-925D-AE1A54EE9899}.Release|x64.ActiveCfg = Release|x64
		{8826842A-8BB4-4977-925D-AE1A54EE9899}.Release|x64.Build.0 = Release|x64
		{8826842A-8BB4-4977-925D-AE1A54EE9899}.Release|x86.ActiveCfg = Release|Win32
		{8826842A-8BB4-4977-925D-AE1A54EE9899}.Release|x86.Build.0 = Release|Win32
	EndGlobalSection
	GlobalSection(SolutionProperties) = preSolution
		HideSolutionNode = FALSE
	EndGlobalSection
	GlobalSection(ExtensibilityGlobals) = postSolution
		SolutionGuid = {D87D8EED-C23D-4909-91E8-278AC0AEC40B}
	EndGlobalSection
EndGlobal
